
Microsoft Visual Studio Solution File, Format Version 12.00
# Visual Studio Version 17
VisualStudioVersion = 17.9.34728.123
MinimumVisualStudioVersion = 10.0.40219.1
Project("{FAE04EC0-301F-11D3-BF4B-00C04F79EFBC}") = "SimpleETL", "SimpleETL.csproj", "{F072BA57-1018-4885-9EE1-D29170B66CEC}"
EndProject
Global
	GlobalSection(SolutionConfigurationPlatforms) = preSolution
		Debug|Any CPU = Debug|Any CPU
		Release|Any CPU = Release|Any CPU
	EndGlobalSection
	GlobalSection(ProjectConfigurationPlatforms) = postSolution
		{F072BA57-1018-4885-9EE1-D29170B66CEC}.Debug|Any CPU.ActiveCfg = Debug|Any CPU
		{F072BA57-1018-4885-9EE1-D29170B66CEC}.Debug|Any CPU.Build.0 = Debug|Any CPU
		{F072BA57-1018-4885-9EE1-D29170B66CEC}.Release|Any CPU.ActiveCfg = Release|Any CPU
		{F072BA57-1018-4885-9EE1-D29170B66CEC}.Release|Any CPU.Build.0 = Release|Any CPU
	EndGlobalSection
	GlobalSection(SolutionProperties) = preSolution
		HideSolutionNode = FALSE
	EndGlobalSection
	GlobalSection(ExtensibilityGlobals) = postSolution
		SolutionGuid = {B574BFAE-4606-48D6-82DA-B3F6CD9954A8}
	EndGlobalSection
EndGlobal
